<?xml version="1.0" encoding="utf-8"?>
<Project ToolsVersion="4.0" xmlns="http://schemas.microsoft.com/developer/msbuild/2003">
  <ItemGroup>
    <Filter Include="Source Files">
      <UniqueIdentifier>{4FC737F1-C7A5-4376-A066-2A32D752A2FF}</UniqueIdentifier>
      <Extensions>cpp;c;cc;cxx;def;odl;idl;hpj;bat;asm;asmx</Extensions>
    </Filter>
    <Filter Include="Resource Files">
      <UniqueIdentifier>{67DA6AB6-F800-4c08-8B7A-83BB121AAD01}</UniqueIdentifier>
      <Extensions>rc;ico;cur;bmp;dlg;rc2;rct;bin;rgs;gif;jpg;jpeg;jpe;resx;tiff;tif;png;wav;mfcribbon-ms</Extensions>
    </Filter>
    <Filter Include="kernels">
      <UniqueIdentifier>{b0d770fe-6d5d-47cd-a430-7bd16e418994}</UniqueIdentifier>
    </Filter>
    <Filter Include="Header Source Files">
      <UniqueIdentifier>{9308c370-d50f-4d57-95d1-10ca4c09fed0}</UniqueIdentifier>
    </Filter>
    <Filter Include="Main Header Files">
      <UniqueIdentifier>{93995380-89BD-4b04-88EB-625FBE52EBFB}</UniqueIdentifier>
      <Extensions>h;hh;hpp;hxx;hm;inl;inc;xsd</Extensions>
    </Filter>
    <Filter Include="Header Files">
      <UniqueIdentifier>{fe02c061-0eca-4a48-aa1f-04b87afa8313}</UniqueIdentifier>
    </Filter>
    <Filter Include="MATLAB">
      <UniqueIdentifier>{e2894646-7f2a-43eb-a3e8-ae2f1d332cd7}</UniqueIdentifier>
    </Filter>
  </ItemGroup>
  <ItemGroup>
    <ClCompile Include="beanland_atlas.cpp">
      <Filter>Source Files</Filter>
    </ClCompile>
    <ClCompile Include="circ_size_upper_bound.cpp">
      <Filter>Source Files</Filter>
    </ClCompile>
    <ClCompile Include="utility.cpp">
      <Filter>Source Files</Filter>
    </ClCompile>
    <ClCompile Include="approx_symmetry_axes.cpp">
      <Filter>Source Files</Filter>
    </ClCompile>
    <ClCompile Include="refine_mir_pos.cpp">
      <Filter>Source Files</Filter>
    </ClCompile>
    <ClCompile Include="annulus_param.cpp">
      <Filter>Source Files</Filter>
    </ClCompile>
    <ClCompile Include="kernel_launchers.cpp">
      <Filter>Source Files</Filter>
    </ClCompile>
    <ClCompile Include="window_functions.cpp">
      <Filter>Source Files</Filter>
    </ClCompile>
    <ClCompile Include="img_rel_pos.cpp">
      <Filter>Source Files</Filter>
    </ClCompile>
    <ClCompile Include="align_and_avg.cpp">
      <Filter>Source Files</Filter>
    </ClCompile>
    <ClCompile Include="get_spot_positions.cpp">
      <Filter>Source Files</Filter>
    </ClCompile>
    <ClCompile Include="repeating_max_loc.cpp">
      <Filter>Source Files</Filter>
    </ClCompile>
    <ClCompile Include="developer_helper_func.cpp">
      <Filter>Source Files</Filter>
    </ClCompile>
    <ClCompile Include="spot_extraction.cpp">
      <Filter>Source Files</Filter>
    </ClCompile>
    <ClCompile Include="preprocessing.cpp">
      <Filter>Source Files</Filter>
    </ClCompile>
    <ClCompile Include="aberration_correction.cpp">
      <Filter>Source Files</Filter>
    </ClCompile>
    <ClCompile Include="identify_symmetry.cpp">
      <Filter>Source Files</Filter>
    </ClCompile>
    <ClCompile Include="ident_sym_utility.cpp">
      <Filter>Source Files</Filter>
    </ClCompile>
    <ClCompile Include="postprocessing.cpp">
      <Filter>Source Files</Filter>
    </ClCompile>
    <ClCompile Include="template_matching.cpp">
      <Filter>Source Files</Filter>
    </ClCompile>
    <ClCompile Include="bright_field_sym.cpp">
      <Filter>Source Files</Filter>
    </ClCompile>
    <ClCompile Include="correct_distortions.cpp">
      <Filter>Source Files</Filter>
    </ClCompile>
    <ClCompile Include="commensuration_ellipses.cpp">
      <Filter>Source Files</Filter>
    </ClCompile>
    <ClCompile Include="commensuration.cpp">
      <Filter>Source Files</Filter>
    </ClCompile>
    <ClCompile Include="commensuration_utility.cpp">
      <Filter>Source Files</Filter>
    </ClCompile>
    <ClCompile Include="data_to_matlab.cpp">
      <Filter>Source Files</Filter>
    </ClCompile>
  </ItemGroup>
  <ItemGroup>
    <ClInclude Include="beanland_atlas.h">
      <Filter>Main Header Files</Filter>
    </ClInclude>
    <ClInclude Include="includes.h">
      <Filter>Main Header Files</Filter>
    </ClInclude>
    <ClInclude Include="defines.h">
      <Filter>Main Header Files</Filter>
    </ClInclude>
    <ClInclude Include="utility.hpp">
      <Filter>Header Source Files</Filter>
    </ClInclude>
    <ClInclude Include="developer_utility.hpp">
      <Filter>Header Source Files</Filter>
    </ClInclude>
    <ClInclude Include="template_matching.h">
      <Filter>Header Files</Filter>
    </ClInclude>
    <ClInclude Include="ident_sym_utility.h">
      <Filter>Header Files</Filter>
    </ClInclude>
    <ClInclude Include="developer_helper_func.h">
      <Filter>Header Files</Filter>
    </ClInclude>
    <ClInclude Include="aberration_correction.h">
      <Filter>Header Files</Filter>
    </ClInclude>
    <ClInclude Include="align_and_avg.h">
      <Filter>Header Files</Filter>
    </ClInclude>
    <ClInclude Include="annulus_param.h">
      <Filter>Header Files</Filter>
    </ClInclude>
    <ClInclude Include="approx_symmetry_axes.h">
      <Filter>Header Files</Filter>
    </ClInclude>
    <ClInclude Include="circ_size_upper_bound.h">
      <Filter>Header Files</Filter>
    </ClInclude>
    <ClInclude Include="get_spot_positions.h">
      <Filter>Header Files</Filter>
    </ClInclude>
    <ClInclude Include="identify_symmetry.h">
      <Filter>Header Files</Filter>
    </ClInclude>
    <ClInclude Include="img_rel_pos.h">
      <Filter>Header Files</Filter>
    </ClInclude>
    <ClInclude Include="utility.h">
      <Filter>Header Files</Filter>
    </ClInclude>
    <ClInclude Include="kernel_launchers.h">
      <Filter>Header Files</Filter>
    </ClInclude>
    <ClInclude Include="postprocessing.h">
      <Filter>Header Files</Filter>
    </ClInclude>
    <ClInclude Include="preprocessing.h">
      <Filter>Header Files</Filter>
    </ClInclude>
    <ClInclude Include="refine_mir_pos.h">
      <Filter>Header Files</Filter>
    </ClInclude>
    <ClInclude Include="repeating_max_loc.h">
      <Filter>Header Files</Filter>
    </ClInclude>
    <ClInclude Include="spot_extraction.h">
      <Filter>Header Files</Filter>
    </ClInclude>
    <ClInclude Include="window_functions.h">
      <Filter>Header Files</Filter>
    </ClInclude>
    <ClInclude Include="bright_field_sym.h">
      <Filter>Header Files</Filter>
    </ClInclude>
    <ClInclude Include="correct_distortions.h">
      <Filter>Header Files</Filter>
    </ClInclude>
    <ClInclude Include="commensuration_ellipses.h">
      <Filter>Header Files</Filter>
    </ClInclude>
    <ClInclude Include="commensuration.h">
      <Filter>Header Files</Filter>
    </ClInclude>
    <ClInclude Include="commensuration_utility.h">
      <Filter>Header Files</Filter>
    </ClInclude>
    <ClInclude Include="data_to_matlab.h">
      <Filter>Header Files</Filter>
    </ClInclude>
  </ItemGroup>
  <ItemGroup>
    <None Include="create_annulus.cl">
      <Filter>kernels</Filter>
    </None>
    <None Include="create_circle.cl">
      <Filter>kernels</Filter>
    </None>
    <None Include="freq_spectrum1D.cl">
      <Filter>kernels</Filter>
    </None>
    <None Include="gauss_kernel_padded.cl">
      <Filter>kernels</Filter>
    </None>
    <None Include="condenser_cubic_Bezier.m">
      <Filter>MATLAB</Filter>
    </None>
  </ItemGroup>
</Project>