<?xml version="1.0" encoding="utf-8"?>
<Project ToolsVersion="4.0" xmlns="http://schemas.microsoft.com/developer/msbuild/2003">
  <ItemGroup>
    <Filter Include="Source Files">
      <UniqueIdentifier>{4FC737F1-C7A5-4376-A066-2A32D752A2FF}</UniqueIdentifier>
      <Extensions>cpp;c;cc;cxx;def;odl;idl;hpj;bat;asm;asmx</Extensions>
    </Filter>
    <Filter Include="Header Files">
      <UniqueIdentifier>{93995380-89BD-4b04-88EB-625FBE52EBFB}</UniqueIdentifier>
      <Extensions>h;hh;hpp;hxx;hm;inl;inc;xsd</Extensions>
    </Filter>
    <Filter Include="Resource Files">
      <UniqueIdentifier>{67DA6AB6-F800-4c08-8B7A-83BB121AAD01}</UniqueIdentifier>
      <Extensions>rc;ico;cur;bmp;dlg;rc2;rct;bin;rgs;gif;jpg;jpeg;jpe;resx;tiff;tif;png;wav;mfcribbon-ms</Extensions>
    </Filter>
    <Filter Include="kernels">
      <UniqueIdentifier>{b0d770fe-6d5d-47cd-a430-7bd16e418994}</UniqueIdentifier>
    </Filter>
  </ItemGroup>
  <ItemGroup>
    <ClCompile Include="beanland_atlas.cpp">
      <Filter>Source Files</Filter>
    </ClCompile>
    <ClCompile Include="circ_size_upper_bound.cpp">
      <Filter>Source Files</Filter>
    </ClCompile>
    <ClCompile Include="utility.cpp">
      <Filter>Source Files</Filter>
    </ClCompile>
    <ClCompile Include="approx_symmetry_axes.cpp">
      <Filter>Source Files</Filter>
    </ClCompile>
    <ClCompile Include="refine_mir_pos.cpp">
      <Filter>Source Files</Filter>
    </ClCompile>
    <ClCompile Include="annulus_param.cpp">
      <Filter>Source Files</Filter>
    </ClCompile>
    <ClCompile Include="kernel_launchers.cpp">
      <Filter>Source Files</Filter>
    </ClCompile>
    <ClCompile Include="window_functions.cpp">
      <Filter>Source Files</Filter>
    </ClCompile>
    <ClCompile Include="img_rel_pos.cpp">
      <Filter>Source Files</Filter>
    </ClCompile>
  </ItemGroup>
  <ItemGroup>
    <ClInclude Include="beanland_atlas.h">
      <Filter>Header Files</Filter>
    </ClInclude>
  </ItemGroup>
  <ItemGroup>
    <None Include="create_annulus.cl">
      <Filter>kernels</Filter>
    </None>
    <None Include="create_circle.cl">
      <Filter>kernels</Filter>
    </None>
    <None Include="freq_spectrum1D.cl">
      <Filter>kernels</Filter>
    </None>
    <None Include="gauss_kernel_padded.cl">
      <Filter>kernels</Filter>
    </None>
  </ItemGroup>
</Project>